// !$*UTF8*$!
{
	archiveVersion = 1;
	classes = {
	};
	objectVersion = 51;
	objects = {

/* Begin PBXBuildFile section */
		1F5F1202267DD648002F0F93 /* ProfileController.swift in Sources */ = {isa = PBXBuildFile; fileRef = 1F5F1201267DD648002F0F93 /* ProfileController.swift */; };
		2262B73789BE45C6BB4340DD /* Pods_FoodApp.framework in Frameworks */ = {isa = PBXBuildFile; fileRef = 2E0C0ADAB1CFC741737611BD /* Pods_FoodApp.framework */; };
		2B19DF562666308B00C01E11 /* User.swift in Sources */ = {isa = PBXBuildFile; fileRef = 2B19DF552666308B00C01E11 /* User.swift */; };
		2B48C52F2668B7DD00C32B78 /* Extensions.swift in Sources */ = {isa = PBXBuildFile; fileRef = 2B48C52E2668B7DD00C32B78 /* Extensions.swift */; };
		2B48C5372668BBFF00C32B78 /* MenuTableViewCell.swift in Sources */ = {isa = PBXBuildFile; fileRef = 2B48C5362668BBFF00C32B78 /* MenuTableViewCell.swift */; };
		2B661611266F89AD004DD56D /* FoodDetailController.swift in Sources */ = {isa = PBXBuildFile; fileRef = 2B661610266F89AD004DD56D /* FoodDetailController.swift */; };
		2B76E2612663BF6200ACAD05 /* SignUpController.swift in Sources */ = {isa = PBXBuildFile; fileRef = 2B76E2602663BF6200ACAD05 /* SignUpController.swift */; };
		2B76E2662663C88B00ACAD05 /* CheckBox.swift in Sources */ = {isa = PBXBuildFile; fileRef = 2B76E2652663C88B00ACAD05 /* CheckBox.swift */; };
		2B9FA92C26638BD00045F0AB /* CustomTextField.swift in Sources */ = {isa = PBXBuildFile; fileRef = 2B9FA92B26638BD00045F0AB /* CustomTextField.swift */; };
		2BA91493265E066C00F8930A /* AppDelegate.swift in Sources */ = {isa = PBXBuildFile; fileRef = 2BA91492265E066C00F8930A /* AppDelegate.swift */; };
		2BA91495265E066C00F8930A /* SceneDelegate.swift in Sources */ = {isa = PBXBuildFile; fileRef = 2BA91494265E066C00F8930A /* SceneDelegate.swift */; };
		2BA91497265E066C00F8930A /* LoginController.swift in Sources */ = {isa = PBXBuildFile; fileRef = 2BA91496265E066C00F8930A /* LoginController.swift */; };
		2BA9149A265E066C00F8930A /* Main.storyboard in Resources */ = {isa = PBXBuildFile; fileRef = 2BA91498265E066C00F8930A /* Main.storyboard */; };
		2BA9149C265E066F00F8930A /* Assets.xcassets in Resources */ = {isa = PBXBuildFile; fileRef = 2BA9149B265E066F00F8930A /* Assets.xcassets */; };
		2BA9149F265E066F00F8930A /* LaunchScreen.storyboard in Resources */ = {isa = PBXBuildFile; fileRef = 2BA9149D265E066F00F8930A /* LaunchScreen.storyboard */; };
		2BA914AA265E067100F8930A /* FoodAppTests.swift in Sources */ = {isa = PBXBuildFile; fileRef = 2BA914A9265E067100F8930A /* FoodAppTests.swift */; };
		2BA914B5265E067100F8930A /* FoodAppUITests.swift in Sources */ = {isa = PBXBuildFile; fileRef = 2BA914B4265E067100F8930A /* FoodAppUITests.swift */; };
		2BB1B754265E487B0065CA7D /* GoogleService-Info.plist in Resources */ = {isa = PBXBuildFile; fileRef = 2BB1B753265E487A0065CA7D /* GoogleService-Info.plist */; };
		2BC4299D2666618B000967EC /* SignUpSuccessDelegate.swift in Sources */ = {isa = PBXBuildFile; fileRef = 2BC4299C2666618B000967EC /* SignUpSuccessDelegate.swift */; };
		2BD9FA2C266A5E8E001073E9 /* Food.swift in Sources */ = {isa = PBXBuildFile; fileRef = 2BD9FA2B266A5E8E001073E9 /* Food.swift */; };
		2BDCAE17267795F30031D55E /* SearchController.swift in Sources */ = {isa = PBXBuildFile; fileRef = 2BDCAE16267795F30031D55E /* SearchController.swift */; };
		2BDEAFB72670E844002E4B39 /* CartController.swift in Sources */ = {isa = PBXBuildFile; fileRef = 2BDEAFB62670E844002E4B39 /* CartController.swift */; };
		2BDEAFC12670F495002E4B39 /* CartItemTableViewCell.swift in Sources */ = {isa = PBXBuildFile; fileRef = 2BDEAFC02670F495002E4B39 /* CartItemTableViewCell.swift */; };
		2BDEAFC62670FB71002E4B39 /* Invoice.swift in Sources */ = {isa = PBXBuildFile; fileRef = 2BDEAFC52670FB71002E4B39 /* Invoice.swift */; };
		2BDEAFCB267105AF002E4B39 /* CartItemTableViewCellDelegate.swift in Sources */ = {isa = PBXBuildFile; fileRef = 2BDEAFCA267105AF002E4B39 /* CartItemTableViewCellDelegate.swift */; };
		2BEC6AED2667A37800E91EB2 /* HomeController.swift in Sources */ = {isa = PBXBuildFile; fileRef = 2BEC6AEC2667A37800E91EB2 /* HomeController.swift */; };
		2BEC6AF22667A72D00E91EB2 /* HomeTabBarController.swift in Sources */ = {isa = PBXBuildFile; fileRef = 2BEC6AF12667A72D00E91EB2 /* HomeTabBarController.swift */; };
		2BEC6B192667ACD400E91EB2 /* Category.swift in Sources */ = {isa = PBXBuildFile; fileRef = 2BEC6B182667ACD400E91EB2 /* Category.swift */; };
		2BEC6B222667B4C100E91EB2 /* CategoryCollectionViewCell.swift in Sources */ = {isa = PBXBuildFile; fileRef = 2BEC6B202667B4C100E91EB2 /* CategoryCollectionViewCell.swift */; };
		432871C126856E8800BB9178 /* OrderedTableViewCell.swift in Sources */ = {isa = PBXBuildFile; fileRef = 432871C026856E8800BB9178 /* OrderedTableViewCell.swift */; };
		432871C626856EF400BB9178 /* OrderedViewController.swift in Sources */ = {isa = PBXBuildFile; fileRef = 432871C526856EF400BB9178 /* OrderedViewController.swift */; };
		43D2BBF32684071C00E8A55C /* Bill.swift in Sources */ = {isa = PBXBuildFile; fileRef = 43D2BBF22684071C00E8A55C /* Bill.swift */; };
		99894C954EB1EC775929E6EE /* Pods_FoodApp_FoodAppUITests.framework in Frameworks */ = {isa = PBXBuildFile; fileRef = 8083C966CD7BEDC87BAD70FB /* Pods_FoodApp_FoodAppUITests.framework */; };
		ED35DEC8D93CEEE1E6FAF8EE /* Pods_FoodAppTests.framework in Frameworks */ = {isa = PBXBuildFile; fileRef = 366DD06E35D217A5F3C2606A /* Pods_FoodAppTests.framework */; };
/* End PBXBuildFile section */

/* Begin PBXContainerItemProxy section */
		2BA914A6265E067100F8930A /* PBXContainerItemProxy */ = {
			isa = PBXContainerItemProxy;
			containerPortal = 2BA91487265E066C00F8930A /* Project object */;
			proxyType = 1;
			remoteGlobalIDString = 2BA9148E265E066C00F8930A;
			remoteInfo = FoodApp;
		};
		2BA914B1265E067100F8930A /* PBXContainerItemProxy */ = {
			isa = PBXContainerItemProxy;
			containerPortal = 2BA91487265E066C00F8930A /* Project object */;
			proxyType = 1;
			remoteGlobalIDString = 2BA9148E265E066C00F8930A;
			remoteInfo = FoodApp;
		};
/* End PBXContainerItemProxy section */

/* Begin PBXFileReference section */
		1F5F1201267DD648002F0F93 /* ProfileController.swift */ = {isa = PBXFileReference; lastKnownFileType = sourcecode.swift; path = ProfileController.swift; sourceTree = "<group>"; };
		2B19DF552666308B00C01E11 /* User.swift */ = {isa = PBXFileReference; lastKnownFileType = sourcecode.swift; path = User.swift; sourceTree = "<group>"; };
		2B48C52E2668B7DD00C32B78 /* Extensions.swift */ = {isa = PBXFileReference; lastKnownFileType = sourcecode.swift; path = Extensions.swift; sourceTree = "<group>"; };
		2B48C5362668BBFF00C32B78 /* MenuTableViewCell.swift */ = {isa = PBXFileReference; lastKnownFileType = sourcecode.swift; path = MenuTableViewCell.swift; sourceTree = "<group>"; };
		2B661610266F89AD004DD56D /* FoodDetailController.swift */ = {isa = PBXFileReference; lastKnownFileType = sourcecode.swift; path = FoodDetailController.swift; sourceTree = "<group>"; };
		2B76E2602663BF6200ACAD05 /* SignUpController.swift */ = {isa = PBXFileReference; lastKnownFileType = sourcecode.swift; path = SignUpController.swift; sourceTree = "<group>"; };
		2B76E2652663C88B00ACAD05 /* CheckBox.swift */ = {isa = PBXFileReference; lastKnownFileType = sourcecode.swift; path = CheckBox.swift; sourceTree = "<group>"; };
		2B9FA92B26638BD00045F0AB /* CustomTextField.swift */ = {isa = PBXFileReference; lastKnownFileType = sourcecode.swift; path = CustomTextField.swift; sourceTree = "<group>"; };
		2BA9148F265E066C00F8930A /* FoodApp.app */ = {isa = PBXFileReference; explicitFileType = wrapper.application; includeInIndex = 0; path = FoodApp.app; sourceTree = BUILT_PRODUCTS_DIR; };
		2BA91492265E066C00F8930A /* AppDelegate.swift */ = {isa = PBXFileReference; lastKnownFileType = sourcecode.swift; path = AppDelegate.swift; sourceTree = "<group>"; };
		2BA91494265E066C00F8930A /* SceneDelegate.swift */ = {isa = PBXFileReference; lastKnownFileType = sourcecode.swift; path = SceneDelegate.swift; sourceTree = "<group>"; };
		2BA91496265E066C00F8930A /* LoginController.swift */ = {isa = PBXFileReference; lastKnownFileType = sourcecode.swift; path = LoginController.swift; sourceTree = "<group>"; };
		2BA91499265E066C00F8930A /* Base */ = {isa = PBXFileReference; lastKnownFileType = file.storyboard; name = Base; path = Base.lproj/Main.storyboard; sourceTree = "<group>"; };
		2BA9149B265E066F00F8930A /* Assets.xcassets */ = {isa = PBXFileReference; lastKnownFileType = folder.assetcatalog; path = Assets.xcassets; sourceTree = "<group>"; };
		2BA9149E265E066F00F8930A /* Base */ = {isa = PBXFileReference; lastKnownFileType = file.storyboard; name = Base; path = Base.lproj/LaunchScreen.storyboard; sourceTree = "<group>"; };
		2BA914A0265E066F00F8930A /* Info.plist */ = {isa = PBXFileReference; lastKnownFileType = text.plist.xml; path = Info.plist; sourceTree = "<group>"; };
		2BA914A5265E067100F8930A /* FoodAppTests.xctest */ = {isa = PBXFileReference; explicitFileType = wrapper.cfbundle; includeInIndex = 0; path = FoodAppTests.xctest; sourceTree = BUILT_PRODUCTS_DIR; };
		2BA914A9265E067100F8930A /* FoodAppTests.swift */ = {isa = PBXFileReference; lastKnownFileType = sourcecode.swift; path = FoodAppTests.swift; sourceTree = "<group>"; };
		2BA914AB265E067100F8930A /* Info.plist */ = {isa = PBXFileReference; lastKnownFileType = text.plist.xml; path = Info.plist; sourceTree = "<group>"; };
		2BA914B0265E067100F8930A /* FoodAppUITests.xctest */ = {isa = PBXFileReference; explicitFileType = wrapper.cfbundle; includeInIndex = 0; path = FoodAppUITests.xctest; sourceTree = BUILT_PRODUCTS_DIR; };
		2BA914B4265E067100F8930A /* FoodAppUITests.swift */ = {isa = PBXFileReference; lastKnownFileType = sourcecode.swift; path = FoodAppUITests.swift; sourceTree = "<group>"; };
		2BA914B6265E067100F8930A /* Info.plist */ = {isa = PBXFileReference; lastKnownFileType = text.plist.xml; path = Info.plist; sourceTree = "<group>"; };
		2BB1B753265E487A0065CA7D /* GoogleService-Info.plist */ = {isa = PBXFileReference; lastKnownFileType = text.plist; path = "GoogleService-Info.plist"; sourceTree = SOURCE_ROOT; };
		2BC4299C2666618B000967EC /* SignUpSuccessDelegate.swift */ = {isa = PBXFileReference; lastKnownFileType = sourcecode.swift; path = SignUpSuccessDelegate.swift; sourceTree = "<group>"; };
		2BD9FA2B266A5E8E001073E9 /* Food.swift */ = {isa = PBXFileReference; lastKnownFileType = sourcecode.swift; path = Food.swift; sourceTree = "<group>"; };
		2BDCAE16267795F30031D55E /* SearchController.swift */ = {isa = PBXFileReference; lastKnownFileType = sourcecode.swift; path = SearchController.swift; sourceTree = "<group>"; };
		2BDEAFB62670E844002E4B39 /* CartController.swift */ = {isa = PBXFileReference; lastKnownFileType = sourcecode.swift; path = CartController.swift; sourceTree = "<group>"; };
		2BDEAFC02670F495002E4B39 /* CartItemTableViewCell.swift */ = {isa = PBXFileReference; lastKnownFileType = sourcecode.swift; path = CartItemTableViewCell.swift; sourceTree = "<group>"; };
		2BDEAFC52670FB71002E4B39 /* Invoice.swift */ = {isa = PBXFileReference; lastKnownFileType = sourcecode.swift; path = Invoice.swift; sourceTree = "<group>"; };
		2BDEAFCA267105AF002E4B39 /* CartItemTableViewCellDelegate.swift */ = {isa = PBXFileReference; lastKnownFileType = sourcecode.swift; path = CartItemTableViewCellDelegate.swift; sourceTree = "<group>"; };
		2BEC6AEC2667A37800E91EB2 /* HomeController.swift */ = {isa = PBXFileReference; lastKnownFileType = sourcecode.swift; path = HomeController.swift; sourceTree = "<group>"; };
		2BEC6AF12667A72D00E91EB2 /* HomeTabBarController.swift */ = {isa = PBXFileReference; lastKnownFileType = sourcecode.swift; path = HomeTabBarController.swift; sourceTree = "<group>"; };
		2BEC6B182667ACD400E91EB2 /* Category.swift */ = {isa = PBXFileReference; lastKnownFileType = sourcecode.swift; path = Category.swift; sourceTree = "<group>"; };
		2BEC6B202667B4C100E91EB2 /* CategoryCollectionViewCell.swift */ = {isa = PBXFileReference; lastKnownFileType = sourcecode.swift; path = CategoryCollectionViewCell.swift; sourceTree = "<group>"; };
		2E0C0ADAB1CFC741737611BD /* Pods_FoodApp.framework */ = {isa = PBXFileReference; explicitFileType = wrapper.framework; includeInIndex = 0; path = Pods_FoodApp.framework; sourceTree = BUILT_PRODUCTS_DIR; };
		366DD06E35D217A5F3C2606A /* Pods_FoodAppTests.framework */ = {isa = PBXFileReference; explicitFileType = wrapper.framework; includeInIndex = 0; path = Pods_FoodAppTests.framework; sourceTree = BUILT_PRODUCTS_DIR; };
		432871C026856E8800BB9178 /* OrderedTableViewCell.swift */ = {isa = PBXFileReference; lastKnownFileType = sourcecode.swift; path = OrderedTableViewCell.swift; sourceTree = "<group>"; };
		432871C526856EF400BB9178 /* OrderedViewController.swift */ = {isa = PBXFileReference; lastKnownFileType = sourcecode.swift; path = OrderedViewController.swift; sourceTree = "<group>"; };
		43D2BBF22684071C00E8A55C /* Bill.swift */ = {isa = PBXFileReference; lastKnownFileType = sourcecode.swift; path = Bill.swift; sourceTree = "<group>"; };
		4B1FA4E82ED4987472EF8521 /* Pods-FoodApp-FoodAppUITests.release.xcconfig */ = {isa = PBXFileReference; includeInIndex = 1; lastKnownFileType = text.xcconfig; name = "Pods-FoodApp-FoodAppUITests.release.xcconfig"; path = "Target Support Files/Pods-FoodApp-FoodAppUITests/Pods-FoodApp-FoodAppUITests.release.xcconfig"; sourceTree = "<group>"; };
		8083C966CD7BEDC87BAD70FB /* Pods_FoodApp_FoodAppUITests.framework */ = {isa = PBXFileReference; explicitFileType = wrapper.framework; includeInIndex = 0; path = Pods_FoodApp_FoodAppUITests.framework; sourceTree = BUILT_PRODUCTS_DIR; };
		85501F01F7571FEDDA5AFB7A /* Pods-FoodAppTests.release.xcconfig */ = {isa = PBXFileReference; includeInIndex = 1; lastKnownFileType = text.xcconfig; name = "Pods-FoodAppTests.release.xcconfig"; path = "Target Support Files/Pods-FoodAppTests/Pods-FoodAppTests.release.xcconfig"; sourceTree = "<group>"; };
		8F3627E5CAFB33ACDEA89FE0 /* Pods-FoodApp.release.xcconfig */ = {isa = PBXFileReference; includeInIndex = 1; lastKnownFileType = text.xcconfig; name = "Pods-FoodApp.release.xcconfig"; path = "Target Support Files/Pods-FoodApp/Pods-FoodApp.release.xcconfig"; sourceTree = "<group>"; };
		909F57B0479CEE3E26076C26 /* Pods-FoodAppTests.debug.xcconfig */ = {isa = PBXFileReference; includeInIndex = 1; lastKnownFileType = text.xcconfig; name = "Pods-FoodAppTests.debug.xcconfig"; path = "Target Support Files/Pods-FoodAppTests/Pods-FoodAppTests.debug.xcconfig"; sourceTree = "<group>"; };
		BF96F531319C375F506D3085 /* Pods-FoodApp-FoodAppUITests.debug.xcconfig */ = {isa = PBXFileReference; includeInIndex = 1; lastKnownFileType = text.xcconfig; name = "Pods-FoodApp-FoodAppUITests.debug.xcconfig"; path = "Target Support Files/Pods-FoodApp-FoodAppUITests/Pods-FoodApp-FoodAppUITests.debug.xcconfig"; sourceTree = "<group>"; };
		F2114929E98450E75F743F55 /* Pods-FoodApp.debug.xcconfig */ = {isa = PBXFileReference; includeInIndex = 1; lastKnownFileType = text.xcconfig; name = "Pods-FoodApp.debug.xcconfig"; path = "Target Support Files/Pods-FoodApp/Pods-FoodApp.debug.xcconfig"; sourceTree = "<group>"; };
/* End PBXFileReference section */

/* Begin PBXFrameworksBuildPhase section */
		2BA9148C265E066C00F8930A /* Frameworks */ = {
			isa = PBXFrameworksBuildPhase;
			buildActionMask = 2147483647;
			files = (
				2262B73789BE45C6BB4340DD /* Pods_FoodApp.framework in Frameworks */,
			);
			runOnlyForDeploymentPostprocessing = 0;
		};
		2BA914A2265E067100F8930A /* Frameworks */ = {
			isa = PBXFrameworksBuildPhase;
			buildActionMask = 2147483647;
			files = (
				ED35DEC8D93CEEE1E6FAF8EE /* Pods_FoodAppTests.framework in Frameworks */,
			);
			runOnlyForDeploymentPostprocessing = 0;
		};
		2BA914AD265E067100F8930A /* Frameworks */ = {
			isa = PBXFrameworksBuildPhase;
			buildActionMask = 2147483647;
			files = (
				99894C954EB1EC775929E6EE /* Pods_FoodApp_FoodAppUITests.framework in Frameworks */,
			);
			runOnlyForDeploymentPostprocessing = 0;
		};
/* End PBXFrameworksBuildPhase section */

/* Begin PBXGroup section */
		1598E5B632496FFD9A6361DE /* Frameworks */ = {
			isa = PBXGroup;
			children = (
				2E0C0ADAB1CFC741737611BD /* Pods_FoodApp.framework */,
				8083C966CD7BEDC87BAD70FB /* Pods_FoodApp_FoodAppUITests.framework */,
				366DD06E35D217A5F3C2606A /* Pods_FoodAppTests.framework */,
			);
			name = Frameworks;
			sourceTree = "<group>";
		};
		2BA91486265E066C00F8930A = {
			isa = PBXGroup;
			children = (
				2BA91491265E066C00F8930A /* FoodApp */,
				2BA914A8265E067100F8930A /* FoodAppTests */,
				2BA914B3265E067100F8930A /* FoodAppUITests */,
				2BA91490265E066C00F8930A /* Products */,
				1598E5B632496FFD9A6361DE /* Frameworks */,
				F31B90FE90E9DA7F9F48E3FB /* Pods */,
			);
			sourceTree = "<group>";
		};
		2BA91490265E066C00F8930A /* Products */ = {
			isa = PBXGroup;
			children = (
				2BA9148F265E066C00F8930A /* FoodApp.app */,
				2BA914A5265E067100F8930A /* FoodAppTests.xctest */,
				2BA914B0265E067100F8930A /* FoodAppUITests.xctest */,
			);
			name = Products;
			sourceTree = "<group>";
		};
		2BA91491265E066C00F8930A /* FoodApp */ = {
			isa = PBXGroup;
			children = (
				2BC4299826666096000967EC /* Delegates */,
				2BB1B753265E487A0065CA7D /* GoogleService-Info.plist */,
				2BA914D2265E11E900F8930A /* Resources */,
				2BA914CF265E117E00F8930A /* Controllers */,
				2BA914D3265E11F700F8930A /* Views */,
				2BA914D1265E11C600F8930A /* ViewModels */,
				2BA914D0265E11BC00F8930A /* Models */,
				2BA914C5265E06BA00F8930A /* System */,
			);
			path = FoodApp;
			sourceTree = "<group>";
		};
		2BA914A8265E067100F8930A /* FoodAppTests */ = {
			isa = PBXGroup;
			children = (
				2BA914A9265E067100F8930A /* FoodAppTests.swift */,
				2BA914AB265E067100F8930A /* Info.plist */,
			);
			path = FoodAppTests;
			sourceTree = "<group>";
		};
		2BA914B3265E067100F8930A /* FoodAppUITests */ = {
			isa = PBXGroup;
			children = (
				2BA914B4265E067100F8930A /* FoodAppUITests.swift */,
				2BA914B6265E067100F8930A /* Info.plist */,
			);
			path = FoodAppUITests;
			sourceTree = "<group>";
		};
		2BA914C5265E06BA00F8930A /* System */ = {
			isa = PBXGroup;
			children = (
				2BA914A0265E066F00F8930A /* Info.plist */,
			);
			path = System;
			sourceTree = "<group>";
		};
		2BA914CF265E117E00F8930A /* Controllers */ = {
			isa = PBXGroup;
			children = (
				2BA91496265E066C00F8930A /* LoginController.swift */,
				2B76E2602663BF6200ACAD05 /* SignUpController.swift */,
				2BEC6AEC2667A37800E91EB2 /* HomeController.swift */,
				2BEC6AF12667A72D00E91EB2 /* HomeTabBarController.swift */,
				2B661610266F89AD004DD56D /* FoodDetailController.swift */,
				2BDEAFB62670E844002E4B39 /* CartController.swift */,
				2BDCAE16267795F30031D55E /* SearchController.swift */,
				1F5F1201267DD648002F0F93 /* ProfileController.swift */,
				432871C526856EF400BB9178 /* OrderedViewController.swift */,
			);
			path = Controllers;
			sourceTree = "<group>";
		};
		2BA914D0265E11BC00F8930A /* Models */ = {
			isa = PBXGroup;
			children = (
				2B19DF552666308B00C01E11 /* User.swift */,
				2BEC6B182667ACD400E91EB2 /* Category.swift */,
				2BD9FA2B266A5E8E001073E9 /* Food.swift */,
				2BDEAFC52670FB71002E4B39 /* Invoice.swift */,
				43D2BBF22684071C00E8A55C /* Bill.swift */,
			);
			path = Models;
			sourceTree = "<group>";
		};
		2BA914D1265E11C600F8930A /* ViewModels */ = {
			isa = PBXGroup;
			children = (
				2B9FA92B26638BD00045F0AB /* CustomTextField.swift */,
				2B76E2652663C88B00ACAD05 /* CheckBox.swift */,
				2BEC6B202667B4C100E91EB2 /* CategoryCollectionViewCell.swift */,
				2B48C5362668BBFF00C32B78 /* MenuTableViewCell.swift */,
				2BDEAFC02670F495002E4B39 /* CartItemTableViewCell.swift */,
				432871C026856E8800BB9178 /* OrderedTableViewCell.swift */,
			);
			path = ViewModels;
			sourceTree = "<group>";
		};
		2BA914D2265E11E900F8930A /* Resources */ = {
			isa = PBXGroup;
			children = (
				2BA91492265E066C00F8930A /* AppDelegate.swift */,
				2BA91494265E066C00F8930A /* SceneDelegate.swift */,
				2B48C52E2668B7DD00C32B78 /* Extensions.swift */,
			);
			path = Resources;
			sourceTree = "<group>";
		};
		2BA914D3265E11F700F8930A /* Views */ = {
			isa = PBXGroup;
			children = (
				2BA9149B265E066F00F8930A /* Assets.xcassets */,
				2BA914D7265E139200F8930A /* Storyboards */,
			);
			path = Views;
			sourceTree = "<group>";
		};
		2BA914D7265E139200F8930A /* Storyboards */ = {
			isa = PBXGroup;
			children = (
				2BA9149D265E066F00F8930A /* LaunchScreen.storyboard */,
				2BA91498265E066C00F8930A /* Main.storyboard */,
			);
			path = Storyboards;
			sourceTree = "<group>";
		};
		2BC4299826666096000967EC /* Delegates */ = {
			isa = PBXGroup;
			children = (
				2BC4299C2666618B000967EC /* SignUpSuccessDelegate.swift */,
				2BDEAFCA267105AF002E4B39 /* CartItemTableViewCellDelegate.swift */,
			);
			path = Delegates;
			sourceTree = "<group>";
		};
		F31B90FE90E9DA7F9F48E3FB /* Pods */ = {
			isa = PBXGroup;
			children = (
				F2114929E98450E75F743F55 /* Pods-FoodApp.debug.xcconfig */,
				8F3627E5CAFB33ACDEA89FE0 /* Pods-FoodApp.release.xcconfig */,
				BF96F531319C375F506D3085 /* Pods-FoodApp-FoodAppUITests.debug.xcconfig */,
				4B1FA4E82ED4987472EF8521 /* Pods-FoodApp-FoodAppUITests.release.xcconfig */,
				909F57B0479CEE3E26076C26 /* Pods-FoodAppTests.debug.xcconfig */,
				85501F01F7571FEDDA5AFB7A /* Pods-FoodAppTests.release.xcconfig */,
			);
			path = Pods;
			sourceTree = "<group>";
		};
/* End PBXGroup section */

/* Begin PBXNativeTarget section */
		2BA9148E265E066C00F8930A /* FoodApp */ = {
			isa = PBXNativeTarget;
			buildConfigurationList = 2BA914B9265E067100F8930A /* Build configuration list for PBXNativeTarget "FoodApp" */;
			buildPhases = (
				05BCDAA83F8DA1FAE006F666 /* [CP] Check Pods Manifest.lock */,
				2BA9148B265E066C00F8930A /* Sources */,
				2BA9148C265E066C00F8930A /* Frameworks */,
				2BA9148D265E066C00F8930A /* Resources */,
				434EC9BFC0CE809D8ED72CB7 /* [CP] Embed Pods Frameworks */,
			);
			buildRules = (
			);
			dependencies = (
			);
			name = FoodApp;
			productName = FoodApp;
			productReference = 2BA9148F265E066C00F8930A /* FoodApp.app */;
			productType = "com.apple.product-type.application";
		};
		2BA914A4265E067100F8930A /* FoodAppTests */ = {
			isa = PBXNativeTarget;
			buildConfigurationList = 2BA914BC265E067100F8930A /* Build configuration list for PBXNativeTarget "FoodAppTests" */;
			buildPhases = (
				AF5CF35CB5FE4D67B71744C6 /* [CP] Check Pods Manifest.lock */,
				2BA914A1265E067100F8930A /* Sources */,
				2BA914A2265E067100F8930A /* Frameworks */,
				2BA914A3265E067100F8930A /* Resources */,
			);
			buildRules = (
			);
			dependencies = (
				2BA914A7265E067100F8930A /* PBXTargetDependency */,
			);
			name = FoodAppTests;
			productName = FoodAppTests;
			productReference = 2BA914A5265E067100F8930A /* FoodAppTests.xctest */;
			productType = "com.apple.product-type.bundle.unit-test";
		};
		2BA914AF265E067100F8930A /* FoodAppUITests */ = {
			isa = PBXNativeTarget;
			buildConfigurationList = 2BA914BF265E067100F8930A /* Build configuration list for PBXNativeTarget "FoodAppUITests" */;
			buildPhases = (
				0490C935B0B3F18AB8137E30 /* [CP] Check Pods Manifest.lock */,
				2BA914AC265E067100F8930A /* Sources */,
				2BA914AD265E067100F8930A /* Frameworks */,
				2BA914AE265E067100F8930A /* Resources */,
				21746C4814197D04F7B53327 /* [CP] Embed Pods Frameworks */,
			);
			buildRules = (
			);
			dependencies = (
				2BA914B2265E067100F8930A /* PBXTargetDependency */,
			);
			name = FoodAppUITests;
			productName = FoodAppUITests;
			productReference = 2BA914B0265E067100F8930A /* FoodAppUITests.xctest */;
			productType = "com.apple.product-type.bundle.ui-testing";
		};
/* End PBXNativeTarget section */

/* Begin PBXProject section */
		2BA91487265E066C00F8930A /* Project object */ = {
			isa = PBXProject;
			attributes = {
				LastSwiftUpdateCheck = 1240;
				LastUpgradeCheck = 1240;
				TargetAttributes = {
					2BA9148E265E066C00F8930A = {
						CreatedOnToolsVersion = 12.4;
					};
					2BA914A4265E067100F8930A = {
						CreatedOnToolsVersion = 12.4;
						TestTargetID = 2BA9148E265E066C00F8930A;
					};
					2BA914AF265E067100F8930A = {
						CreatedOnToolsVersion = 12.4;
						TestTargetID = 2BA9148E265E066C00F8930A;
					};
				};
			};
			buildConfigurationList = 2BA9148A265E066C00F8930A /* Build configuration list for PBXProject "FoodApp" */;
			compatibilityVersion = "Xcode 9.3";
			developmentRegion = en;
			hasScannedForEncodings = 0;
			knownRegions = (
				en,
				Base,
			);
			mainGroup = 2BA91486265E066C00F8930A;
			productRefGroup = 2BA91490265E066C00F8930A /* Products */;
			projectDirPath = "";
			projectRoot = "";
			targets = (
				2BA9148E265E066C00F8930A /* FoodApp */,
				2BA914A4265E067100F8930A /* FoodAppTests */,
				2BA914AF265E067100F8930A /* FoodAppUITests */,
			);
		};
/* End PBXProject section */

/* Begin PBXResourcesBuildPhase section */
		2BA9148D265E066C00F8930A /* Resources */ = {
			isa = PBXResourcesBuildPhase;
			buildActionMask = 2147483647;
			files = (
				2BA9149F265E066F00F8930A /* LaunchScreen.storyboard in Resources */,
				2BB1B754265E487B0065CA7D /* GoogleService-Info.plist in Resources */,
				2BA9149C265E066F00F8930A /* Assets.xcassets in Resources */,
				2BA9149A265E066C00F8930A /* Main.storyboard in Resources */,
			);
			runOnlyForDeploymentPostprocessing = 0;
		};
		2BA914A3265E067100F8930A /* Resources */ = {
			isa = PBXResourcesBuildPhase;
			buildActionMask = 2147483647;
			files = (
			);
			runOnlyForDeploymentPostprocessing = 0;
		};
		2BA914AE265E067100F8930A /* Resources */ = {
			isa = PBXResourcesBuildPhase;
			buildActionMask = 2147483647;
			files = (
			);
			runOnlyForDeploymentPostprocessing = 0;
		};
/* End PBXResourcesBuildPhase section */

/* Begin PBXShellScriptBuildPhase section */
		0490C935B0B3F18AB8137E30 /* [CP] Check Pods Manifest.lock */ = {
			isa = PBXShellScriptBuildPhase;
			buildActionMask = 2147483647;
			files = (
			);
			inputFileListPaths = (
			);
			inputPaths = (
				"${PODS_PODFILE_DIR_PATH}/Podfile.lock",
				"${PODS_ROOT}/Manifest.lock",
			);
			name = "[CP] Check Pods Manifest.lock";
			outputFileListPaths = (
			);
			outputPaths = (
				"$(DERIVED_FILE_DIR)/Pods-FoodApp-FoodAppUITests-checkManifestLockResult.txt",
			);
			runOnlyForDeploymentPostprocessing = 0;
			shellPath = /bin/sh;
			shellScript = "diff \"${PODS_PODFILE_DIR_PATH}/Podfile.lock\" \"${PODS_ROOT}/Manifest.lock\" > /dev/null\nif [ $? != 0 ] ; then\n    # print error to STDERR\n    echo \"error: The sandbox is not in sync with the Podfile.lock. Run 'pod install' or update your CocoaPods installation.\" >&2\n    exit 1\nfi\n# This output is used by Xcode 'outputs' to avoid re-running this script phase.\necho \"SUCCESS\" > \"${SCRIPT_OUTPUT_FILE_0}\"\n";
			showEnvVarsInLog = 0;
		};
		05BCDAA83F8DA1FAE006F666 /* [CP] Check Pods Manifest.lock */ = {
			isa = PBXShellScriptBuildPhase;
			buildActionMask = 2147483647;
			files = (
			);
			inputFileListPaths = (
			);
			inputPaths = (
				"${PODS_PODFILE_DIR_PATH}/Podfile.lock",
				"${PODS_ROOT}/Manifest.lock",
			);
			name = "[CP] Check Pods Manifest.lock";
			outputFileListPaths = (
			);
			outputPaths = (
				"$(DERIVED_FILE_DIR)/Pods-FoodApp-checkManifestLockResult.txt",
			);
			runOnlyForDeploymentPostprocessing = 0;
			shellPath = /bin/sh;
			shellScript = "diff \"${PODS_PODFILE_DIR_PATH}/Podfile.lock\" \"${PODS_ROOT}/Manifest.lock\" > /dev/null\nif [ $? != 0 ] ; then\n    # print error to STDERR\n    echo \"error: The sandbox is not in sync with the Podfile.lock. Run 'pod install' or update your CocoaPods installation.\" >&2\n    exit 1\nfi\n# This output is used by Xcode 'outputs' to avoid re-running this script phase.\necho \"SUCCESS\" > \"${SCRIPT_OUTPUT_FILE_0}\"\n";
			showEnvVarsInLog = 0;
		};
		21746C4814197D04F7B53327 /* [CP] Embed Pods Frameworks */ = {
			isa = PBXShellScriptBuildPhase;
			buildActionMask = 2147483647;
			files = (
			);
			inputFileListPaths = (
				"${PODS_ROOT}/Target Support Files/Pods-FoodApp-FoodAppUITests/Pods-FoodApp-FoodAppUITests-frameworks-${CONFIGURATION}-input-files.xcfilelist",
			);
			name = "[CP] Embed Pods Frameworks";
			outputFileListPaths = (
				"${PODS_ROOT}/Target Support Files/Pods-FoodApp-FoodAppUITests/Pods-FoodApp-FoodAppUITests-frameworks-${CONFIGURATION}-output-files.xcfilelist",
			);
			runOnlyForDeploymentPostprocessing = 0;
			shellPath = /bin/sh;
			shellScript = "\"${PODS_ROOT}/Target Support Files/Pods-FoodApp-FoodAppUITests/Pods-FoodApp-FoodAppUITests-frameworks.sh\"\n";
			showEnvVarsInLog = 0;
		};
		434EC9BFC0CE809D8ED72CB7 /* [CP] Embed Pods Frameworks */ = {
			isa = PBXShellScriptBuildPhase;
			buildActionMask = 2147483647;
			files = (
			);
			inputFileListPaths = (
				"${PODS_ROOT}/Target Support Files/Pods-FoodApp/Pods-FoodApp-frameworks-${CONFIGURATION}-input-files.xcfilelist",
			);
			name = "[CP] Embed Pods Frameworks";
			outputFileListPaths = (
				"${PODS_ROOT}/Target Support Files/Pods-FoodApp/Pods-FoodApp-frameworks-${CONFIGURATION}-output-files.xcfilelist",
			);
			runOnlyForDeploymentPostprocessing = 0;
			shellPath = /bin/sh;
			shellScript = "\"${PODS_ROOT}/Target Support Files/Pods-FoodApp/Pods-FoodApp-frameworks.sh\"\n";
			showEnvVarsInLog = 0;
		};
		AF5CF35CB5FE4D67B71744C6 /* [CP] Check Pods Manifest.lock */ = {
			isa = PBXShellScriptBuildPhase;
			buildActionMask = 2147483647;
			files = (
			);
			inputFileListPaths = (
			);
			inputPaths = (
				"${PODS_PODFILE_DIR_PATH}/Podfile.lock",
				"${PODS_ROOT}/Manifest.lock",
			);
			name = "[CP] Check Pods Manifest.lock";
			outputFileListPaths = (
			);
			outputPaths = (
				"$(DERIVED_FILE_DIR)/Pods-FoodAppTests-checkManifestLockResult.txt",
			);
			runOnlyForDeploymentPostprocessing = 0;
			shellPath = /bin/sh;
			shellScript = "diff \"${PODS_PODFILE_DIR_PATH}/Podfile.lock\" \"${PODS_ROOT}/Manifest.lock\" > /dev/null\nif [ $? != 0 ] ; then\n    # print error to STDERR\n    echo \"error: The sandbox is not in sync with the Podfile.lock. Run 'pod install' or update your CocoaPods installation.\" >&2\n    exit 1\nfi\n# This output is used by Xcode 'outputs' to avoid re-running this script phase.\necho \"SUCCESS\" > \"${SCRIPT_OUTPUT_FILE_0}\"\n";
			showEnvVarsInLog = 0;
		};
/* End PBXShellScriptBuildPhase section */

/* Begin PBXSourcesBuildPhase section */
		2BA9148B265E066C00F8930A /* Sources */ = {
			isa = PBXSourcesBuildPhase;
			buildActionMask = 2147483647;
			files = (
				2BC4299D2666618B000967EC /* SignUpSuccessDelegate.swift in Sources */,
				2B76E2612663BF6200ACAD05 /* SignUpController.swift in Sources */,
				2BD9FA2C266A5E8E001073E9 /* Food.swift in Sources */,
				2B48C5372668BBFF00C32B78 /* MenuTableViewCell.swift in Sources */,
				2B661611266F89AD004DD56D /* FoodDetailController.swift in Sources */,
				2BDEAFC12670F495002E4B39 /* CartItemTableViewCell.swift in Sources */,
				2B9FA92C26638BD00045F0AB /* CustomTextField.swift in Sources */,
				2B76E2662663C88B00ACAD05 /* CheckBox.swift in Sources */,
				2BEC6AF22667A72D00E91EB2 /* HomeTabBarController.swift in Sources */,
				1F5F1202267DD648002F0F93 /* ProfileController.swift in Sources */,
				2BA91497265E066C00F8930A /* LoginController.swift in Sources */,
				43D2BBF32684071C00E8A55C /* Bill.swift in Sources */,
				2BEC6B222667B4C100E91EB2 /* CategoryCollectionViewCell.swift in Sources */,
				2BEC6AED2667A37800E91EB2 /* HomeController.swift in Sources */,
				2B48C52F2668B7DD00C32B78 /* Extensions.swift in Sources */,
				2BEC6B192667ACD400E91EB2 /* Category.swift in Sources */,
				432871C626856EF400BB9178 /* OrderedViewController.swift in Sources */,
				2BA91493265E066C00F8930A /* AppDelegate.swift in Sources */,
				2BDEAFB72670E844002E4B39 /* CartController.swift in Sources */,
				2BDEAFC62670FB71002E4B39 /* Invoice.swift in Sources */,
				2BA91495265E066C00F8930A /* SceneDelegate.swift in Sources */,
				2BDCAE17267795F30031D55E /* SearchController.swift in Sources */,
				432871C126856E8800BB9178 /* OrderedTableViewCell.swift in Sources */,
				2BDEAFCB267105AF002E4B39 /* CartItemTableViewCellDelegate.swift in Sources */,
				2B19DF562666308B00C01E11 /* User.swift in Sources */,
			);
			runOnlyForDeploymentPostprocessing = 0;
		};
		2BA914A1265E067100F8930A /* Sources */ = {
			isa = PBXSourcesBuildPhase;
			buildActionMask = 2147483647;
			files = (
				2BA914AA265E067100F8930A /* FoodAppTests.swift in Sources */,
			);
			runOnlyForDeploymentPostprocessing = 0;
		};
		2BA914AC265E067100F8930A /* Sources */ = {
			isa = PBXSourcesBuildPhase;
			buildActionMask = 2147483647;
			files = (
				2BA914B5265E067100F8930A /* FoodAppUITests.swift in Sources */,
			);
			runOnlyForDeploymentPostprocessing = 0;
		};
/* End PBXSourcesBuildPhase section */

/* Begin PBXTargetDependency section */
		2BA914A7265E067100F8930A /* PBXTargetDependency */ = {
			isa = PBXTargetDependency;
			target = 2BA9148E265E066C00F8930A /* FoodApp */;
			targetProxy = 2BA914A6265E067100F8930A /* PBXContainerItemProxy */;
		};
		2BA914B2265E067100F8930A /* PBXTargetDependency */ = {
			isa = PBXTargetDependency;
			target = 2BA9148E265E066C00F8930A /* FoodApp */;
			targetProxy = 2BA914B1265E067100F8930A /* PBXContainerItemProxy */;
		};
/* End PBXTargetDependency section */

/* Begin PBXVariantGroup section */
		2BA91498265E066C00F8930A /* Main.storyboard */ = {
			isa = PBXVariantGroup;
			children = (
				2BA91499265E066C00F8930A /* Base */,
			);
			name = Main.storyboard;
			sourceTree = "<group>";
		};
		2BA9149D265E066F00F8930A /* LaunchScreen.storyboard */ = {
			isa = PBXVariantGroup;
			children = (
				2BA9149E265E066F00F8930A /* Base */,
			);
			name = LaunchScreen.storyboard;
			sourceTree = "<group>";
		};
/* End PBXVariantGroup section */

/* Begin XCBuildConfiguration section */
		2BA914B7265E067100F8930A /* Debug */ = {
			isa = XCBuildConfiguration;
			buildSettings = {
				ALWAYS_SEARCH_USER_PATHS = NO;
				CLANG_ANALYZER_NONNULL = YES;
				CLANG_ANALYZER_NUMBER_OBJECT_CONVERSION = YES_AGGRESSIVE;
				CLANG_CXX_LANGUAGE_STANDARD = "gnu++14";
				CLANG_CXX_LIBRARY = "libc++";
				CLANG_ENABLE_MODULES = YES;
				CLANG_ENABLE_OBJC_ARC = YES;
				CLANG_ENABLE_OBJC_WEAK = YES;
				CLANG_WARN_BLOCK_CAPTURE_AUTORELEASING = YES;
				CLANG_WARN_BOOL_CONVERSION = YES;
				CLANG_WARN_COMMA = YES;
				CLANG_WARN_CONSTANT_CONVERSION = YES;
				CLANG_WARN_DEPRECATED_OBJC_IMPLEMENTATIONS = YES;
				CLANG_WARN_DIRECT_OBJC_ISA_USAGE = YES_ERROR;
				CLANG_WARN_DOCUMENTATION_COMMENTS = YES;
				CLANG_WARN_EMPTY_BODY = YES;
				CLANG_WARN_ENUM_CONVERSION = YES;
				CLANG_WARN_INFINITE_RECURSION = YES;
				CLANG_WARN_INT_CONVERSION = YES;
				CLANG_WARN_NON_LITERAL_NULL_CONVERSION = YES;
				CLANG_WARN_OBJC_IMPLICIT_RETAIN_SELF = YES;
				CLANG_WARN_OBJC_LITERAL_CONVERSION = YES;
				CLANG_WARN_OBJC_ROOT_CLASS = YES_ERROR;
				CLANG_WARN_QUOTED_INCLUDE_IN_FRAMEWORK_HEADER = YES;
				CLANG_WARN_RANGE_LOOP_ANALYSIS = YES;
				CLANG_WARN_STRICT_PROTOTYPES = YES;
				CLANG_WARN_SUSPICIOUS_MOVE = YES;
				CLANG_WARN_UNGUARDED_AVAILABILITY = YES_AGGRESSIVE;
				CLANG_WARN_UNREACHABLE_CODE = YES;
				CLANG_WARN__DUPLICATE_METHOD_MATCH = YES;
				COPY_PHASE_STRIP = NO;
				DEBUG_INFORMATION_FORMAT = dwarf;
				ENABLE_STRICT_OBJC_MSGSEND = YES;
				ENABLE_TESTABILITY = YES;
				GCC_C_LANGUAGE_STANDARD = gnu11;
				GCC_DYNAMIC_NO_PIC = NO;
				GCC_NO_COMMON_BLOCKS = YES;
				GCC_OPTIMIZATION_LEVEL = 0;
				GCC_PREPROCESSOR_DEFINITIONS = (
					"DEBUG=1",
					"$(inherited)",
				);
				GCC_WARN_64_TO_32_BIT_CONVERSION = YES;
				GCC_WARN_ABOUT_RETURN_TYPE = YES_ERROR;
				GCC_WARN_UNDECLARED_SELECTOR = YES;
				GCC_WARN_UNINITIALIZED_AUTOS = YES_AGGRESSIVE;
				GCC_WARN_UNUSED_FUNCTION = YES;
				GCC_WARN_UNUSED_VARIABLE = YES;
				IPHONEOS_DEPLOYMENT_TARGET = 14.4;
				MTL_ENABLE_DEBUG_INFO = INCLUDE_SOURCE;
				MTL_FAST_MATH = YES;
				ONLY_ACTIVE_ARCH = YES;
				SDKROOT = iphoneos;
				SWIFT_ACTIVE_COMPILATION_CONDITIONS = DEBUG;
				SWIFT_OPTIMIZATION_LEVEL = "-Onone";
			};
			name = Debug;
		};
		2BA914B8265E067100F8930A /* Release */ = {
			isa = XCBuildConfiguration;
			buildSettings = {
				ALWAYS_SEARCH_USER_PATHS = NO;
				CLANG_ANALYZER_NONNULL = YES;
				CLANG_ANALYZER_NUMBER_OBJECT_CONVERSION = YES_AGGRESSIVE;
				CLANG_CXX_LANGUAGE_STANDARD = "gnu++14";
				CLANG_CXX_LIBRARY = "libc++";
				CLANG_ENABLE_MODULES = YES;
				CLANG_ENABLE_OBJC_ARC = YES;
				CLANG_ENABLE_OBJC_WEAK = YES;
				CLANG_WARN_BLOCK_CAPTURE_AUTORELEASING = YES;
				CLANG_WARN_BOOL_CONVERSION = YES;
				CLANG_WARN_COMMA = YES;
				CLANG_WARN_CONSTANT_CONVERSION = YES;
				CLANG_WARN_DEPRECATED_OBJC_IMPLEMENTATIONS = YES;
				CLANG_WARN_DIRECT_OBJC_ISA_USAGE = YES_ERROR;
				CLANG_WARN_DOCUMENTATION_COMMENTS = YES;
				CLANG_WARN_EMPTY_BODY = YES;
				CLANG_WARN_ENUM_CONVERSION = YES;
				CLANG_WARN_INFINITE_RECURSION = YES;
				CLANG_WARN_INT_CONVERSION = YES;
				CLANG_WARN_NON_LITERAL_NULL_CONVERSION = YES;
				CLANG_WARN_OBJC_IMPLICIT_RETAIN_SELF = YES;
				CLANG_WARN_OBJC_LITERAL_CONVERSION = YES;
				CLANG_WARN_OBJC_ROOT_CLASS = YES_ERROR;
				CLANG_WARN_QUOTED_INCLUDE_IN_FRAMEWORK_HEADER = YES;
				CLANG_WARN_RANGE_LOOP_ANALYSIS = YES;
				CLANG_WARN_STRICT_PROTOTYPES = YES;
				CLANG_WARN_SUSPICIOUS_MOVE = YES;
				CLANG_WARN_UNGUARDED_AVAILABILITY = YES_AGGRESSIVE;
				CLANG_WARN_UNREACHABLE_CODE = YES;
				CLANG_WARN__DUPLICATE_METHOD_MATCH = YES;
				COPY_PHASE_STRIP = NO;
				DEBUG_INFORMATION_FORMAT = "dwarf-with-dsym";
				ENABLE_NS_ASSERTIONS = NO;
				ENABLE_STRICT_OBJC_MSGSEND = YES;
				GCC_C_LANGUAGE_STANDARD = gnu11;
				GCC_NO_COMMON_BLOCKS = YES;
				GCC_WARN_64_TO_32_BIT_CONVERSION = YES;
				GCC_WARN_ABOUT_RETURN_TYPE = YES_ERROR;
				GCC_WARN_UNDECLARED_SELECTOR = YES;
				GCC_WARN_UNINITIALIZED_AUTOS = YES_AGGRESSIVE;
				GCC_WARN_UNUSED_FUNCTION = YES;
				GCC_WARN_UNUSED_VARIABLE = YES;
				IPHONEOS_DEPLOYMENT_TARGET = 14.4;
				MTL_ENABLE_DEBUG_INFO = NO;
				MTL_FAST_MATH = YES;
				SDKROOT = iphoneos;
				SWIFT_COMPILATION_MODE = wholemodule;
				SWIFT_OPTIMIZATION_LEVEL = "-O";
				VALIDATE_PRODUCT = YES;
			};
			name = Release;
		};
		2BA914BA265E067100F8930A /* Debug */ = {
			isa = XCBuildConfiguration;
			baseConfigurationReference = F2114929E98450E75F743F55 /* Pods-FoodApp.debug.xcconfig */;
			buildSettings = {
				ASSETCATALOG_COMPILER_APPICON_NAME = AppIcon;
				ASSETCATALOG_COMPILER_GLOBAL_ACCENT_COLOR_NAME = AccentColor;
				CODE_SIGN_STYLE = Automatic;
				INFOPLIST_FILE = FoodApp/System/Info.plist;
				LD_RUNPATH_SEARCH_PATHS = (
					"$(inherited)",
					"@executable_path/Frameworks",
				);
				PRODUCT_BUNDLE_IDENTIFIER = com.tdc.edu.vn.FoodApp;
				PRODUCT_NAME = "$(TARGET_NAME)";
				SWIFT_VERSION = 5.0;
				TARGETED_DEVICE_FAMILY = "1,2";
			};
			name = Debug;
		};
		2BA914BB265E067100F8930A /* Release */ = {
			isa = XCBuildConfiguration;
			baseConfigurationReference = 8F3627E5CAFB33ACDEA89FE0 /* Pods-FoodApp.release.xcconfig */;
			buildSettings = {
				ASSETCATALOG_COMPILER_APPICON_NAME = AppIcon;
				ASSETCATALOG_COMPILER_GLOBAL_ACCENT_COLOR_NAME = AccentColor;
				CODE_SIGN_STYLE = Automatic;
				INFOPLIST_FILE = FoodApp/System/Info.plist;
				LD_RUNPATH_SEARCH_PATHS = (
					"$(inherited)",
					"@executable_path/Frameworks",
				);
				PRODUCT_BUNDLE_IDENTIFIER = com.tdc.edu.vn.FoodApp;
				PRODUCT_NAME = "$(TARGET_NAME)";
				SWIFT_VERSION = 5.0;
				TARGETED_DEVICE_FAMILY = "1,2";
			};
			name = Release;
		};
		2BA914BD265E067100F8930A /* Debug */ = {
			isa = XCBuildConfiguration;
			baseConfigurationReference = 909F57B0479CEE3E26076C26 /* Pods-FoodAppTests.debug.xcconfig */;
			buildSettings = {
				ALWAYS_EMBED_SWIFT_STANDARD_LIBRARIES = YES;
				BUNDLE_LOADER = "$(TEST_HOST)";
				CODE_SIGN_STYLE = Automatic;
				INFOPLIST_FILE = FoodAppTests/Info.plist;
				IPHONEOS_DEPLOYMENT_TARGET = 14.4;
				LD_RUNPATH_SEARCH_PATHS = (
					"$(inherited)",
					"@executable_path/Frameworks",
					"@loader_path/Frameworks",
				);
				PRODUCT_BUNDLE_IDENTIFIER = com.tdc.edu.vn.FoodAppTests;
				PRODUCT_NAME = "$(TARGET_NAME)";
				SWIFT_VERSION = 5.0;
				TARGETED_DEVICE_FAMILY = "1,2";
				TEST_HOST = "$(BUILT_PRODUCTS_DIR)/FoodApp.app/FoodApp";
			};
			name = Debug;
		};
		2BA914BE265E067100F8930A /* Release */ = {
			isa = XCBuildConfiguration;
			baseConfigurationReference = 85501F01F7571FEDDA5AFB7A /* Pods-FoodAppTests.release.xcconfig */;
			buildSettings = {
				ALWAYS_EMBED_SWIFT_STANDARD_LIBRARIES = YES;
				BUNDLE_LOADER = "$(TEST_HOST)";
				CODE_SIGN_STYLE = Automatic;
				INFOPLIST_FILE = FoodAppTests/Info.plist;
				IPHONEOS_DEPLOYMENT_TARGET = 14.4;
				LD_RUNPATH_SEARCH_PATHS = (
					"$(inherited)",
					"@executable_path/Frameworks",
					"@loader_path/Frameworks",
				);
				PRODUCT_BUNDLE_IDENTIFIER = com.tdc.edu.vn.FoodAppTests;
				PRODUCT_NAME = "$(TARGET_NAME)";
				SWIFT_VERSION = 5.0;
				TARGETED_DEVICE_FAMILY = "1,2";
				TEST_HOST = "$(BUILT_PRODUCTS_DIR)/FoodApp.app/FoodApp";
			};
			name = Release;
		};
		2BA914C0265E067100F8930A /* Debug */ = {
			isa = XCBuildConfiguration;
			baseConfigurationReference = BF96F531319C375F506D3085 /* Pods-FoodApp-FoodAppUITests.debug.xcconfig */;
			buildSettings = {
				ALWAYS_EMBED_SWIFT_STANDARD_LIBRARIES = YES;
				CODE_SIGN_STYLE = Automatic;
				INFOPLIST_FILE = FoodAppUITests/Info.plist;
				LD_RUNPATH_SEARCH_PATHS = (
					"$(inherited)",
					"@executable_path/Frameworks",
					"@loader_path/Frameworks",
				);
				PRODUCT_BUNDLE_IDENTIFIER = com.tdc.edu.vn.FoodAppUITests;
				PRODUCT_NAME = "$(TARGET_NAME)";
				SWIFT_VERSION = 5.0;
				TARGETED_DEVICE_FAMILY = "1,2";
				TEST_TARGET_NAME = FoodApp;
			};
			name = Debug;
		};
		2BA914C1265E067100F8930A /* Release */ = {
			isa = XCBuildConfiguration;
			baseConfigurationReference = 4B1FA4E82ED4987472EF8521 /* Pods-FoodApp-FoodAppUITests.release.xcconfig */;
			buildSettings = {
				ALWAYS_EMBED_SWIFT_STANDARD_LIBRARIES = YES;
				CODE_SIGN_STYLE = Automatic;
				INFOPLIST_FILE = FoodAppUITests/Info.plist;
				LD_RUNPATH_SEARCH_PATHS = (
					"$(inherited)",
					"@executable_path/Frameworks",
					"@loader_path/Frameworks",
				);
				PRODUCT_BUNDLE_IDENTIFIER = com.tdc.edu.vn.FoodAppUITests;
				PRODUCT_NAME = "$(TARGET_NAME)";
				SWIFT_VERSION = 5.0;
				TARGETED_DEVICE_FAMILY = "1,2";
				TEST_TARGET_NAME = FoodApp;
			};
			name = Release;
		};
/* End XCBuildConfiguration section */

/* Begin XCConfigurationList section */
		2BA9148A265E066C00F8930A /* Build configuration list for PBXProject "FoodApp" */ = {
			isa = XCConfigurationList;
			buildConfigurations = (
				2BA914B7265E067100F8930A /* Debug */,
				2BA914B8265E067100F8930A /* Release */,
			);
			defaultConfigurationIsVisible = 0;
			defaultConfigurationName = Release;
		};
		2BA914B9265E067100F8930A /* Build configuration list for PBXNativeTarget "FoodApp" */ = {
			isa = XCConfigurationList;
			buildConfigurations = (
				2BA914BA265E067100F8930A /* Debug */,
				2BA914BB265E067100F8930A /* Release */,
			);
			defaultConfigurationIsVisible = 0;
			defaultConfigurationName = Release;
		};
		2BA914BC265E067100F8930A /* Build configuration list for PBXNativeTarget "FoodAppTests" */ = {
			isa = XCConfigurationList;
			buildConfigurations = (
				2BA914BD265E067100F8930A /* Debug */,
				2BA914BE265E067100F8930A /* Release */,
			);
			defaultConfigurationIsVisible = 0;
			defaultConfigurationName = Release;
		};
		2BA914BF265E067100F8930A /* Build configuration list for PBXNativeTarget "FoodAppUITests" */ = {
			isa = XCConfigurationList;
			buildConfigurations = (
				2BA914C0265E067100F8930A /* Debug */,
				2BA914C1265E067100F8930A /* Release */,
			);
			defaultConfigurationIsVisible = 0;
			defaultConfigurationName = Release;
		};
/* End XCConfigurationList section */
	};
	rootObject = 2BA91487265E066C00F8930A /* Project object */;
}
